{
  "nodes": {
    "nixpkgs": {
      "locked": {
        "lastModified": 1607525610,
        "narHash": "sha256-u+5o+8ucEGgm8IdC0t/kRm5BA2YEnUCW4PAQzwF1R30=",
        "owner": "nixos",
        "repo": "nixpkgs",
        "rev": "253de1fcdb3b82a74a0bf128a7ae2a7b2fed0932",
        "type": "github"
      },
      "original": {
        "id": "nixpkgs",
        "type": "indirect"
      }
    },
    "qd": {
      "inputs": {
        "nixpkgs": [
          "nixpkgs"
        ]
      },
      "locked": {
        "host": "git.c3pb.de",
        "lastModified": 1610412095,
        "narHash": "sha256-m1e+gzIb2rIqeXOp3Nfkz7Ip6sx+KqWqmgJ0CTW2rZQ=",
        "owner": "jens",
        "repo": "qd",
        "rev": "ca20d193cabdcb45aff9d78b7ba0d0d47ee84165",
        "type": "gitlab"
      },
      "original": {
        "host": "git.c3pb.de",
        "owner": "jens",
        "repo": "qd",
        "type": "gitlab"
      }
    },
    "root": {
      "inputs": {
        "nixpkgs": "nixpkgs",
        "qd": "qd"
      }
    }
  },
  "root": "root",
  "version": 7
}
