{
  "nodes": {
    "nixpkgs": {
      "locked": {
        "lastModified": 1631470189,
        "narHash": "sha256-hkUPYlpNOY9nbG1ByRin9NzPAYnPtwq/nGxO/DoeZd0=",
        "path": "/nix/store/mz7v4wj3avpp6a1r2iygm17hbcaq9yrv-source",
        "rev": "364b5555ee04bf61ee0075a3adab4c9351a8d38c",
        "type": "path"
      },
      "original": {
        "id": "nixpkgs",
        "type": "indirect"
      }
    },
    "quasar": {
      "inputs": {
        "nixpkgs": [
          "quasar-network",
          "nixpkgs"
        ]
      },
      "locked": {
        "host": "git.c3pb.de",
        "lastModified": 1632419345,
        "narHash": "sha256-NcoxgYuiLtG78NTGX6h+4l954zUyUYYEDtQ0JTXlzWM=",
        "owner": "jens",
        "repo": "quasar",
        "rev": "fe554cfc486e0dabe0de9266ab3792df0be34e91",
        "type": "gitlab"
      },
      "original": {
        "host": "git.c3pb.de",
        "owner": "jens",
        "repo": "quasar",
        "type": "gitlab"
      }
    },
    "quasar-network": {
      "inputs": {
        "nixpkgs": [
          "nixpkgs"
        ],
        "quasar": "quasar"
      },
      "locked": {
        "host": "git.c3pb.de",
        "lastModified": 1632419423,
        "narHash": "sha256-ymUgsVu2Y8V1aGAiRx31T2WOfHsYrVMubrxnSUP+zDo=",
        "owner": "jens",
        "repo": "quasar-network",
        "rev": "2e70353000a061ca9694c7c3137e9b464bbf2c27",
        "type": "gitlab"
      },
      "original": {
        "host": "git.c3pb.de",
        "owner": "jens",
        "repo": "quasar-network",
        "type": "gitlab"
      }
    },
    "root": {
      "inputs": {
        "nixpkgs": "nixpkgs",
        "quasar-network": "quasar-network"
      }
    }
  },
  "root": "root",
  "version": 7
}
