{
  "nodes": {
    "nixpkgs": {
      "locked": {
        "lastModified": 1628199198,
        "narHash": "sha256-DkMFcm5VdqbausjUjyHWGBlcXNw/EMFiQpiCY5KKtMo=",
        "path": "/nix/store/3nk8sh8ljzk4fl1wykk4086hqr7g0f1m-source",
        "rev": "439b1605227b8adb1357b55ce8529d541abbe9eb",
        "type": "path"
      },
      "original": {
        "id": "nixpkgs",
        "type": "indirect"
      }
    },
    "quasar": {
      "inputs": {
        "nixpkgs": [
          "nixpkgs"
        ]
      },
      "locked": {
        "host": "git.c3pb.de",
        "lastModified": 1629328844,
        "narHash": "sha256-4AiAjuSuTneWidipxxTu60xqztbum8OuTuKI9pWpUsQ=",
        "owner": "jens",
        "repo": "quasar",
        "rev": "67efa0e198ac78aaaf308c2067019574548acf7c",
        "type": "gitlab"
      },
      "original": {
        "host": "git.c3pb.de",
        "owner": "jens",
        "repo": "quasar",
        "type": "gitlab"
      }
    },
    "quasar-network": {
      "inputs": {
        "nixpkgs": [
          "nixpkgs"
        ],
        "quasar": "quasar"
      },
      "locked": {
        "host": "git.c3pb.de",
        "lastModified": 1629328948,
        "narHash": "sha256-PrksVC81dDbAsauBQp9ntllR7/SofYy91ls6wKLXyVE=",
        "owner": "jens",
        "repo": "quasar-network",
        "rev": "4e05c83b74d678f67c10f8769b019eb6b148db10",
        "type": "gitlab"
      },
      "original": {
        "host": "git.c3pb.de",
        "owner": "jens",
        "repo": "quasar-network",
        "type": "gitlab"
      }
    },
    "root": {
      "inputs": {
        "nixpkgs": "nixpkgs",
        "quasar-network": "quasar-network"
      }
    }
  },
  "root": "root",
  "version": 7
}
